{
  "meteor": {},
  "dependencies": {
    "basePackages": {
      "streams": {},
      "user-status": {},
      "bootstrap-3": {},
      "uikit": {},
      "three.js": {},
      "external-file-loader": {}
    },
    "packages": {
      "streams": {
        "git": "https://github.com/arunoda/meteor-streams.git",
        "tag": "v0.1.17",
        "commit": "9fcbbc9b7bf542827babc92089c19e730892a22f"
      },
      "user-status": {
        "git": "https://github.com/mizzao/meteor-user-status.git",
        "tag": "v0.3.4",
        "commit": "741df5e3304807ba42fbe0aca5b8251c5683e1f7"
      },
      "bootstrap-3": {
        "git": "https://github.com/mangasocial/meteor-bootstrap-3.git",
        "tag": "v3.1.1-1",
        "commit": "63dd38968828bb8963636df93e9a1c45e2dfe67e"
      },
      "uikit": {
        "git": "https://github.com/qasz/meteor-uikit.git",
        "tag": "v1.0.0",
        "commit": "407ace8ab900d622b635651510f0721368317447"
      },
      "three.js": {
        "git": "https://github.com/nozpheratu/three-meteor",
        "tag": "v0.0.1",
        "commit": "a437d4e0314b055b19cfc60fa9e1ddfac844a0d9"
      },
      "external-file-loader": {
        "git": "https://github.com/davidd8/meteor-external-file-loader.git",
        "tag": "v0.1.4",
        "commit": "352694a7cf906b8241161c2fd1435161c1d5409f"
      },
      "timesync": {
        "git": "https://github.com/mizzao/meteor-timesync.git",
        "tag": "v0.1.3",
        "commit": "e8c1a76a6c3c10e3d5ec86e4c0b5ec45b7beb230"
      }
    }
  }
}
