{
  "meteor": {},
  "dependencies": {
    "basePackages": {
      "streams": {},
      "user-status": {},
      "bootstrap-3": {}
    },
    "packages": {
      "streams": {
        "git": "https://github.com/arunoda/meteor-streams.git",
        "tag": "v0.1.17",
        "commit": "9fcbbc9b7bf542827babc92089c19e730892a22f"
      },
      "user-status": {
        "git": "https://github.com/mizzao/meteor-user-status.git",
        "tag": "v0.2.0",
        "commit": "e18cc48440710d0ac23bd1a578974f9142226bf4"
      },
      "bootstrap-3": {
        "git": "https://github.com/mangasocial/meteor-bootstrap-3.git",
        "tag": "v0.3.7",
        "commit": "5dd0d142c870647b910be80bc777b96f0dd45e5e"
      }
    }
  }
}
